// !$*UTF8*$!
{
	archiveVersion = 1;
	classes = {
	};
	objectVersion = 50;
	objects = {

/* Begin PBXBuildFile section */
		C25940E926D0B937005984E6 /* StoryCollectionView.swift in Sources */ = {isa = PBXBuildFile; fileRef = C25940E826D0B937005984E6 /* StoryCollectionView.swift */; };
		C25940EC26D0C54C005984E6 /* Post.swift in Sources */ = {isa = PBXBuildFile; fileRef = C25940EB26D0C54C005984E6 /* Post.swift */; };
		C25940F826D0EB76005984E6 /* jordan1s.csv in Resources */ = {isa = PBXBuildFile; fileRef = C25940EE26D0EB76005984E6 /* jordan1s.csv */; };
		C25940F926D0EB76005984E6 /* jordan6s.csv in Resources */ = {isa = PBXBuildFile; fileRef = C25940EF26D0EB76005984E6 /* jordan6s.csv */; };
		C25940FA26D0EB76005984E6 /* jordan7s.csv in Resources */ = {isa = PBXBuildFile; fileRef = C25940F026D0EB76005984E6 /* jordan7s.csv */; };
		C25940FB26D0EB76005984E6 /* jordan4s.csv in Resources */ = {isa = PBXBuildFile; fileRef = C25940F126D0EB76005984E6 /* jordan4s.csv */; };
		C25940FC26D0EB76005984E6 /* jordan10s.csv in Resources */ = {isa = PBXBuildFile; fileRef = C25940F226D0EB76005984E6 /* jordan10s.csv */; };
		C25940FD26D0EB76005984E6 /* jordan8s.csv in Resources */ = {isa = PBXBuildFile; fileRef = C25940F326D0EB76005984E6 /* jordan8s.csv */; };
		C25940FE26D0EB76005984E6 /* jordan9s.csv in Resources */ = {isa = PBXBuildFile; fileRef = C25940F426D0EB76005984E6 /* jordan9s.csv */; };
		C25940FF26D0EB76005984E6 /* jordan5s.csv in Resources */ = {isa = PBXBuildFile; fileRef = C25940F526D0EB76005984E6 /* jordan5s.csv */; };
		C259410026D0EB76005984E6 /* jordan2s.csv in Resources */ = {isa = PBXBuildFile; fileRef = C25940F626D0EB76005984E6 /* jordan2s.csv */; };
		C259410126D0EB76005984E6 /* jordan3s.csv in Resources */ = {isa = PBXBuildFile; fileRef = C25940F726D0EB76005984E6 /* jordan3s.csv */; };
		C259410426D0F8A5005984E6 /* Extensions.swift in Sources */ = {isa = PBXBuildFile; fileRef = C259410326D0F8A5005984E6 /* Extensions.swift */; };
		C259411D26D21186005984E6 /* jordan15.csv in Resources */ = {isa = PBXBuildFile; fileRef = C259410626D21185005984E6 /* jordan15.csv */; };
		C259411E26D21186005984E6 /* jordan8.csv in Resources */ = {isa = PBXBuildFile; fileRef = C259410726D21185005984E6 /* jordan8.csv */; };
		C259411F26D21186005984E6 /* jordan11.csv in Resources */ = {isa = PBXBuildFile; fileRef = C259410826D21185005984E6 /* jordan11.csv */; };
		C259412026D21186005984E6 /* jordan7.csv in Resources */ = {isa = PBXBuildFile; fileRef = C259410926D21185005984E6 /* jordan7.csv */; };
		C259412126D21186005984E6 /* jordan4.csv in Resources */ = {isa = PBXBuildFile; fileRef = C259410A26D21185005984E6 /* jordan4.csv */; };
		C259412326D21186005984E6 /* jordan20.csv in Resources */ = {isa = PBXBuildFile; fileRef = C259410C26D21185005984E6 /* jordan20.csv */; };
		C259412426D21186005984E6 /* jordan1.csv in Resources */ = {isa = PBXBuildFile; fileRef = C259410D26D21185005984E6 /* jordan1.csv */; };
		C259412526D21186005984E6 /* jordan22.csv in Resources */ = {isa = PBXBuildFile; fileRef = C259410E26D21185005984E6 /* jordan22.csv */; };
		C259412626D21186005984E6 /* jordan19.csv in Resources */ = {isa = PBXBuildFile; fileRef = C259410F26D21186005984E6 /* jordan19.csv */; };
		C259412726D21186005984E6 /* jordan5.csv in Resources */ = {isa = PBXBuildFile; fileRef = C259411026D21186005984E6 /* jordan5.csv */; };
		C259412826D21186005984E6 /* jordan13.csv in Resources */ = {isa = PBXBuildFile; fileRef = C259411126D21186005984E6 /* jordan13.csv */; };
		C259412926D21186005984E6 /* jordan23.csv in Resources */ = {isa = PBXBuildFile; fileRef = C259411226D21186005984E6 /* jordan23.csv */; };
		C259412A26D21186005984E6 /* jordan12.csv in Resources */ = {isa = PBXBuildFile; fileRef = C259411326D21186005984E6 /* jordan12.csv */; };
		C259412B26D21186005984E6 /* jordan18.csv in Resources */ = {isa = PBXBuildFile; fileRef = C259411426D21186005984E6 /* jordan18.csv */; };
		C259412C26D21186005984E6 /* jordan14.csv in Resources */ = {isa = PBXBuildFile; fileRef = C259411526D21186005984E6 /* jordan14.csv */; };
		C259412D26D21186005984E6 /* jordan6.csv in Resources */ = {isa = PBXBuildFile; fileRef = C259411626D21186005984E6 /* jordan6.csv */; };
		C259412E26D21186005984E6 /* jordan10.csv in Resources */ = {isa = PBXBuildFile; fileRef = C259411726D21186005984E6 /* jordan10.csv */; };
		C259412F26D21186005984E6 /* jordan3.csv in Resources */ = {isa = PBXBuildFile; fileRef = C259411826D21186005984E6 /* jordan3.csv */; };
		C259413026D21186005984E6 /* jordan2.csv in Resources */ = {isa = PBXBuildFile; fileRef = C259411926D21186005984E6 /* jordan2.csv */; };
		C259413126D21186005984E6 /* jordan9.csv in Resources */ = {isa = PBXBuildFile; fileRef = C259411A26D21186005984E6 /* jordan9.csv */; };
		C259413226D21186005984E6 /* jordan17.csv in Resources */ = {isa = PBXBuildFile; fileRef = C259411B26D21186005984E6 /* jordan17.csv */; };
		C259413326D21186005984E6 /* jordan21.csv in Resources */ = {isa = PBXBuildFile; fileRef = C259411C26D21186005984E6 /* jordan21.csv */; };
		C259413526D22C3B005984E6 /* jordan16.csv in Resources */ = {isa = PBXBuildFile; fileRef = C259413426D22C3B005984E6 /* jordan16.csv */; };
		C259413726D22DD9005984E6 /* StoryCollectionViewCell.swift in Sources */ = {isa = PBXBuildFile; fileRef = C259413626D22DD9005984E6 /* StoryCollectionViewCell.swift */; };
		C259413A26D25A35005984E6 /* FavoritesTableView.swift in Sources */ = {isa = PBXBuildFile; fileRef = C259413926D25A35005984E6 /* FavoritesTableView.swift */; };
		C2AE00C326CC8FB700BF56C4 /* PostCollectionViewCell.swift in Sources */ = {isa = PBXBuildFile; fileRef = C2AE00C226CC8FB700BF56C4 /* PostCollectionViewCell.swift */; };
		C2AE00C726CC942100BF56C4 /* PostImageCollectionViewCell.swift in Sources */ = {isa = PBXBuildFile; fileRef = C2AE00C626CC942100BF56C4 /* PostImageCollectionViewCell.swift */; };
		C2AE00C926CC947C00BF56C4 /* PostCollectionView.swift in Sources */ = {isa = PBXBuildFile; fileRef = C2AE00C826CC947C00BF56C4 /* PostCollectionView.swift */; };
		C2AE00CB26CC970400BF56C4 /* PostImageCollectionView.swift in Sources */ = {isa = PBXBuildFile; fileRef = C2AE00CA26CC970400BF56C4 /* PostImageCollectionView.swift */; };
		C2AE00CE26CC9A5700BF56C4 /* PostHeaderStackView.swift in Sources */ = {isa = PBXBuildFile; fileRef = C2AE00CD26CC9A5700BF56C4 /* PostHeaderStackView.swift */; };
		C2DD386726CB3EE100216ED4 /* AppDelegate.swift in Sources */ = {isa = PBXBuildFile; fileRef = C2DD386626CB3EE100216ED4 /* AppDelegate.swift */; };
		C2DD386926CB3EE100216ED4 /* SceneDelegate.swift in Sources */ = {isa = PBXBuildFile; fileRef = C2DD386826CB3EE100216ED4 /* SceneDelegate.swift */; };
		C2DD386D26CB3EE300216ED4 /* Assets.xcassets in Resources */ = {isa = PBXBuildFile; fileRef = C2DD386C26CB3EE300216ED4 /* Assets.xcassets */; };
		C2DD387026CB3EE300216ED4 /* Preview Assets.xcassets in Resources */ = {isa = PBXBuildFile; fileRef = C2DD386F26CB3EE300216ED4 /* Preview Assets.xcassets */; };
		C2DD387326CB3EE300216ED4 /* LaunchScreen.storyboard in Resources */ = {isa = PBXBuildFile; fileRef = C2DD387126CB3EE300216ED4 /* LaunchScreen.storyboard */; };
		C2DD387B26CB3F3800216ED4 /* HomeViewController.swift in Sources */ = {isa = PBXBuildFile; fileRef = C2DD387A26CB3F3800216ED4 /* HomeViewController.swift */; };
/* End PBXBuildFile section */

/* Begin PBXFileReference section */
		C25940E826D0B937005984E6 /* StoryCollectionView.swift */ = {isa = PBXFileReference; lastKnownFileType = sourcecode.swift; path = StoryCollectionView.swift; sourceTree = "<group>"; };
		C25940EB26D0C54C005984E6 /* Post.swift */ = {isa = PBXFileReference; lastKnownFileType = sourcecode.swift; path = Post.swift; sourceTree = "<group>"; };
		C25940EE26D0EB76005984E6 /* jordan1s.csv */ = {isa = PBXFileReference; fileEncoding = 4; lastKnownFileType = text; path = jordan1s.csv; sourceTree = "<group>"; };
		C25940EF26D0EB76005984E6 /* jordan6s.csv */ = {isa = PBXFileReference; fileEncoding = 4; lastKnownFileType = text; path = jordan6s.csv; sourceTree = "<group>"; };
		C25940F026D0EB76005984E6 /* jordan7s.csv */ = {isa = PBXFileReference; fileEncoding = 4; lastKnownFileType = text; path = jordan7s.csv; sourceTree = "<group>"; };
		C25940F126D0EB76005984E6 /* jordan4s.csv */ = {isa = PBXFileReference; fileEncoding = 4; lastKnownFileType = text; path = jordan4s.csv; sourceTree = "<group>"; };
		C25940F226D0EB76005984E6 /* jordan10s.csv */ = {isa = PBXFileReference; fileEncoding = 4; lastKnownFileType = text; path = jordan10s.csv; sourceTree = "<group>"; };
		C25940F326D0EB76005984E6 /* jordan8s.csv */ = {isa = PBXFileReference; fileEncoding = 4; lastKnownFileType = text; path = jordan8s.csv; sourceTree = "<group>"; };
		C25940F426D0EB76005984E6 /* jordan9s.csv */ = {isa = PBXFileReference; fileEncoding = 4; lastKnownFileType = text; path = jordan9s.csv; sourceTree = "<group>"; };
		C25940F526D0EB76005984E6 /* jordan5s.csv */ = {isa = PBXFileReference; fileEncoding = 4; lastKnownFileType = text; path = jordan5s.csv; sourceTree = "<group>"; };
		C25940F626D0EB76005984E6 /* jordan2s.csv */ = {isa = PBXFileReference; fileEncoding = 4; lastKnownFileType = text; path = jordan2s.csv; sourceTree = "<group>"; };
		C25940F726D0EB76005984E6 /* jordan3s.csv */ = {isa = PBXFileReference; fileEncoding = 4; lastKnownFileType = text; path = jordan3s.csv; sourceTree = "<group>"; };
		C259410326D0F8A5005984E6 /* Extensions.swift */ = {isa = PBXFileReference; lastKnownFileType = sourcecode.swift; path = Extensions.swift; sourceTree = "<group>"; };
		C259410626D21185005984E6 /* jordan15.csv */ = {isa = PBXFileReference; fileEncoding = 4; lastKnownFileType = text; path = jordan15.csv; sourceTree = "<group>"; };
		C259410726D21185005984E6 /* jordan8.csv */ = {isa = PBXFileReference; fileEncoding = 4; lastKnownFileType = text; path = jordan8.csv; sourceTree = "<group>"; };
		C259410826D21185005984E6 /* jordan11.csv */ = {isa = PBXFileReference; fileEncoding = 4; lastKnownFileType = text; path = jordan11.csv; sourceTree = "<group>"; };
		C259410926D21185005984E6 /* jordan7.csv */ = {isa = PBXFileReference; fileEncoding = 4; lastKnownFileType = text; path = jordan7.csv; sourceTree = "<group>"; };
		C259410A26D21185005984E6 /* jordan4.csv */ = {isa = PBXFileReference; fileEncoding = 4; lastKnownFileType = text; path = jordan4.csv; sourceTree = "<group>"; };
		C259410C26D21185005984E6 /* jordan20.csv */ = {isa = PBXFileReference; fileEncoding = 4; lastKnownFileType = text; path = jordan20.csv; sourceTree = "<group>"; };
		C259410D26D21185005984E6 /* jordan1.csv */ = {isa = PBXFileReference; fileEncoding = 4; lastKnownFileType = text; path = jordan1.csv; sourceTree = "<group>"; };
		C259410E26D21185005984E6 /* jordan22.csv */ = {isa = PBXFileReference; fileEncoding = 4; lastKnownFileType = text; path = jordan22.csv; sourceTree = "<group>"; };
		C259410F26D21186005984E6 /* jordan19.csv */ = {isa = PBXFileReference; fileEncoding = 4; lastKnownFileType = text; path = jordan19.csv; sourceTree = "<group>"; };
		C259411026D21186005984E6 /* jordan5.csv */ = {isa = PBXFileReference; fileEncoding = 4; lastKnownFileType = text; path = jordan5.csv; sourceTree = "<group>"; };
		C259411126D21186005984E6 /* jordan13.csv */ = {isa = PBXFileReference; fileEncoding = 4; lastKnownFileType = text; path = jordan13.csv; sourceTree = "<group>"; };
		C259411226D21186005984E6 /* jordan23.csv */ = {isa = PBXFileReference; fileEncoding = 4; lastKnownFileType = text; path = jordan23.csv; sourceTree = "<group>"; };
		C259411326D21186005984E6 /* jordan12.csv */ = {isa = PBXFileReference; fileEncoding = 4; lastKnownFileType = text; path = jordan12.csv; sourceTree = "<group>"; };
		C259411426D21186005984E6 /* jordan18.csv */ = {isa = PBXFileReference; fileEncoding = 4; lastKnownFileType = text; path = jordan18.csv; sourceTree = "<group>"; };
		C259411526D21186005984E6 /* jordan14.csv */ = {isa = PBXFileReference; fileEncoding = 4; lastKnownFileType = text; path = jordan14.csv; sourceTree = "<group>"; };
		C259411626D21186005984E6 /* jordan6.csv */ = {isa = PBXFileReference; fileEncoding = 4; lastKnownFileType = text; path = jordan6.csv; sourceTree = "<group>"; };
		C259411726D21186005984E6 /* jordan10.csv */ = {isa = PBXFileReference; fileEncoding = 4; lastKnownFileType = text; path = jordan10.csv; sourceTree = "<group>"; };
		C259411826D21186005984E6 /* jordan3.csv */ = {isa = PBXFileReference; fileEncoding = 4; lastKnownFileType = text; path = jordan3.csv; sourceTree = "<group>"; };
		C259411926D21186005984E6 /* jordan2.csv */ = {isa = PBXFileReference; fileEncoding = 4; lastKnownFileType = text; path = jordan2.csv; sourceTree = "<group>"; };
		C259411A26D21186005984E6 /* jordan9.csv */ = {isa = PBXFileReference; fileEncoding = 4; lastKnownFileType = text; path = jordan9.csv; sourceTree = "<group>"; };
		C259411B26D21186005984E6 /* jordan17.csv */ = {isa = PBXFileReference; fileEncoding = 4; lastKnownFileType = text; path = jordan17.csv; sourceTree = "<group>"; };
		C259411C26D21186005984E6 /* jordan21.csv */ = {isa = PBXFileReference; fileEncoding = 4; lastKnownFileType = text; path = jordan21.csv; sourceTree = "<group>"; };
		C259413426D22C3B005984E6 /* jordan16.csv */ = {isa = PBXFileReference; fileEncoding = 4; lastKnownFileType = text; path = jordan16.csv; sourceTree = "<group>"; };
		C259413626D22DD9005984E6 /* StoryCollectionViewCell.swift */ = {isa = PBXFileReference; lastKnownFileType = sourcecode.swift; path = StoryCollectionViewCell.swift; sourceTree = "<group>"; };
		C259413926D25A35005984E6 /* FavoritesTableView.swift */ = {isa = PBXFileReference; lastKnownFileType = sourcecode.swift; path = FavoritesTableView.swift; sourceTree = "<group>"; };
		C2AE00C226CC8FB700BF56C4 /* PostCollectionViewCell.swift */ = {isa = PBXFileReference; lastKnownFileType = sourcecode.swift; path = PostCollectionViewCell.swift; sourceTree = "<group>"; };
		C2AE00C626CC942100BF56C4 /* PostImageCollectionViewCell.swift */ = {isa = PBXFileReference; lastKnownFileType = sourcecode.swift; path = PostImageCollectionViewCell.swift; sourceTree = "<group>"; };
		C2AE00C826CC947C00BF56C4 /* PostCollectionView.swift */ = {isa = PBXFileReference; lastKnownFileType = sourcecode.swift; path = PostCollectionView.swift; sourceTree = "<group>"; };
		C2AE00CA26CC970400BF56C4 /* PostImageCollectionView.swift */ = {isa = PBXFileReference; lastKnownFileType = sourcecode.swift; path = PostImageCollectionView.swift; sourceTree = "<group>"; };
		C2AE00CD26CC9A5700BF56C4 /* PostHeaderStackView.swift */ = {isa = PBXFileReference; lastKnownFileType = sourcecode.swift; path = PostHeaderStackView.swift; sourceTree = "<group>"; };
		C2DD386326CB3EE100216ED4 /* FacebookClone.app */ = {isa = PBXFileReference; explicitFileType = wrapper.application; includeInIndex = 0; path = FacebookClone.app; sourceTree = BUILT_PRODUCTS_DIR; };
		C2DD386626CB3EE100216ED4 /* AppDelegate.swift */ = {isa = PBXFileReference; lastKnownFileType = sourcecode.swift; path = AppDelegate.swift; sourceTree = "<group>"; };
		C2DD386826CB3EE100216ED4 /* SceneDelegate.swift */ = {isa = PBXFileReference; lastKnownFileType = sourcecode.swift; path = SceneDelegate.swift; sourceTree = "<group>"; };
		C2DD386C26CB3EE300216ED4 /* Assets.xcassets */ = {isa = PBXFileReference; lastKnownFileType = folder.assetcatalog; path = Assets.xcassets; sourceTree = "<group>"; };
		C2DD386F26CB3EE300216ED4 /* Preview Assets.xcassets */ = {isa = PBXFileReference; lastKnownFileType = folder.assetcatalog; path = "Preview Assets.xcassets"; sourceTree = "<group>"; };
		C2DD387226CB3EE300216ED4 /* Base */ = {isa = PBXFileReference; lastKnownFileType = file.storyboard; name = Base; path = Base.lproj/LaunchScreen.storyboard; sourceTree = "<group>"; };
		C2DD387426CB3EE300216ED4 /* Info.plist */ = {isa = PBXFileReference; lastKnownFileType = text.plist.xml; path = Info.plist; sourceTree = "<group>"; };
		C2DD387A26CB3F3800216ED4 /* HomeViewController.swift */ = {isa = PBXFileReference; lastKnownFileType = sourcecode.swift; path = HomeViewController.swift; sourceTree = "<group>"; };
/* End PBXFileReference section */

/* Begin PBXFrameworksBuildPhase section */
		C2DD386026CB3EE100216ED4 /* Frameworks */ = {
			isa = PBXFrameworksBuildPhase;
			buildActionMask = 2147483647;
			files = (
			);
			runOnlyForDeploymentPostprocessing = 0;
		};
/* End PBXFrameworksBuildPhase section */

/* Begin PBXGroup section */
		C25940E726D0B912005984E6 /* Story */ = {
			isa = PBXGroup;
			children = (
				C25940E826D0B937005984E6 /* StoryCollectionView.swift */,
				C259413626D22DD9005984E6 /* StoryCollectionViewCell.swift */,
			);
			path = Story;
			sourceTree = "<group>";
		};
		C25940EA26D0C52C005984E6 /* Models */ = {
			isa = PBXGroup;
			children = (
				C25940EB26D0C54C005984E6 /* Post.swift */,
			);
			path = Models;
			sourceTree = "<group>";
		};
		C25940ED26D0EB76005984E6 /* Data */ = {
			isa = PBXGroup;
			children = (
				C259410526D21172005984E6 /* Jordans */,
				C25940EE26D0EB76005984E6 /* jordan1s.csv */,
				C25940EF26D0EB76005984E6 /* jordan6s.csv */,
				C25940F026D0EB76005984E6 /* jordan7s.csv */,
				C25940F126D0EB76005984E6 /* jordan4s.csv */,
				C25940F226D0EB76005984E6 /* jordan10s.csv */,
				C25940F326D0EB76005984E6 /* jordan8s.csv */,
				C25940F426D0EB76005984E6 /* jordan9s.csv */,
				C25940F526D0EB76005984E6 /* jordan5s.csv */,
				C25940F626D0EB76005984E6 /* jordan2s.csv */,
				C25940F726D0EB76005984E6 /* jordan3s.csv */,
			);
			path = Data;
			sourceTree = "<group>";
		};
		C259410226D0F885005984E6 /* Extensions */ = {
			isa = PBXGroup;
			children = (
				C259410326D0F8A5005984E6 /* Extensions.swift */,
			);
			path = Extensions;
			sourceTree = "<group>";
		};
		C259410526D21172005984E6 /* Jordans */ = {
			isa = PBXGroup;
			children = (
				C259410D26D21185005984E6 /* jordan1.csv */,
				C259411926D21186005984E6 /* jordan2.csv */,
				C259411826D21186005984E6 /* jordan3.csv */,
				C259410A26D21185005984E6 /* jordan4.csv */,
				C259411026D21186005984E6 /* jordan5.csv */,
				C259411626D21186005984E6 /* jordan6.csv */,
				C259410926D21185005984E6 /* jordan7.csv */,
				C259410726D21185005984E6 /* jordan8.csv */,
				C259411A26D21186005984E6 /* jordan9.csv */,
				C259411726D21186005984E6 /* jordan10.csv */,
				C259410826D21185005984E6 /* jordan11.csv */,
				C259411326D21186005984E6 /* jordan12.csv */,
				C259411126D21186005984E6 /* jordan13.csv */,
				C259411526D21186005984E6 /* jordan14.csv */,
				C259410626D21185005984E6 /* jordan15.csv */,
				C259413426D22C3B005984E6 /* jordan16.csv */,
				C259411B26D21186005984E6 /* jordan17.csv */,
				C259411426D21186005984E6 /* jordan18.csv */,
				C259410F26D21186005984E6 /* jordan19.csv */,
				C259410C26D21185005984E6 /* jordan20.csv */,
				C259411C26D21186005984E6 /* jordan21.csv */,
				C259410E26D21185005984E6 /* jordan22.csv */,
				C259411226D21186005984E6 /* jordan23.csv */,
			);
			path = Jordans;
			sourceTree = "<group>";
		};
		C259413826D259E5005984E6 /* Favorites */ = {
			isa = PBXGroup;
			children = (
				C259413926D25A35005984E6 /* FavoritesTableView.swift */,
			);
			path = Favorites;
			sourceTree = "<group>";
		};
		C2AE00CC26CC991500BF56C4 /* Post */ = {
			isa = PBXGroup;
			children = (
				C2AE00C826CC947C00BF56C4 /* PostCollectionView.swift */,
				C2AE00CA26CC970400BF56C4 /* PostImageCollectionView.swift */,
				C2AE00C226CC8FB700BF56C4 /* PostCollectionViewCell.swift */,
				C2AE00CD26CC9A5700BF56C4 /* PostHeaderStackView.swift */,
				C2AE00C626CC942100BF56C4 /* PostImageCollectionViewCell.swift */,
			);
			path = Post;
			sourceTree = "<group>";
		};
		C2DD385A26CB3EE100216ED4 = {
			isa = PBXGroup;
			children = (
				C2DD386526CB3EE100216ED4 /* FacebookClone */,
				C2DD386426CB3EE100216ED4 /* Products */,
			);
			sourceTree = "<group>";
		};
		C2DD386426CB3EE100216ED4 /* Products */ = {
			isa = PBXGroup;
			children = (
				C2DD386326CB3EE100216ED4 /* FacebookClone.app */,
			);
			name = Products;
			sourceTree = "<group>";
		};
		C2DD386526CB3EE100216ED4 /* FacebookClone */ = {
			isa = PBXGroup;
			children = (
				C259413826D259E5005984E6 /* Favorites */,
				C259410226D0F885005984E6 /* Extensions */,
				C25940ED26D0EB76005984E6 /* Data */,
				C25940EA26D0C52C005984E6 /* Models */,
				C25940E726D0B912005984E6 /* Story */,
				C2AE00CC26CC991500BF56C4 /* Post */,
				C2DD386626CB3EE100216ED4 /* AppDelegate.swift */,
				C2DD386826CB3EE100216ED4 /* SceneDelegate.swift */,
				C2DD387A26CB3F3800216ED4 /* HomeViewController.swift */,
				C2DD386C26CB3EE300216ED4 /* Assets.xcassets */,
				C2DD387126CB3EE300216ED4 /* LaunchScreen.storyboard */,
				C2DD387426CB3EE300216ED4 /* Info.plist */,
				C2DD386E26CB3EE300216ED4 /* Preview Content */,
			);
			path = FacebookClone;
			sourceTree = "<group>";
		};
		C2DD386E26CB3EE300216ED4 /* Preview Content */ = {
			isa = PBXGroup;
			children = (
				C2DD386F26CB3EE300216ED4 /* Preview Assets.xcassets */,
			);
			path = "Preview Content";
			sourceTree = "<group>";
		};
/* End PBXGroup section */

/* Begin PBXNativeTarget section */
		C2DD386226CB3EE100216ED4 /* FacebookClone */ = {
			isa = PBXNativeTarget;
			buildConfigurationList = C2DD387726CB3EE300216ED4 /* Build configuration list for PBXNativeTarget "FacebookClone" */;
			buildPhases = (
				C2DD385F26CB3EE100216ED4 /* Sources */,
				C2DD386026CB3EE100216ED4 /* Frameworks */,
				C2DD386126CB3EE100216ED4 /* Resources */,
			);
			buildRules = (
			);
			dependencies = (
			);
			name = FacebookClone;
			productName = FacebookClone;
			productReference = C2DD386326CB3EE100216ED4 /* FacebookClone.app */;
			productType = "com.apple.product-type.application";
		};
/* End PBXNativeTarget section */

/* Begin PBXProject section */
		C2DD385B26CB3EE100216ED4 /* Project object */ = {
			isa = PBXProject;
			attributes = {
				LastSwiftUpdateCheck = 1250;
				LastUpgradeCheck = 1250;
				TargetAttributes = {
					C2DD386226CB3EE100216ED4 = {
						CreatedOnToolsVersion = 12.5.1;
					};
				};
			};
			buildConfigurationList = C2DD385E26CB3EE100216ED4 /* Build configuration list for PBXProject "FacebookClone" */;
			compatibilityVersion = "Xcode 9.3";
			developmentRegion = en;
			hasScannedForEncodings = 0;
			knownRegions = (
				en,
				Base,
			);
			mainGroup = C2DD385A26CB3EE100216ED4;
			productRefGroup = C2DD386426CB3EE100216ED4 /* Products */;
			projectDirPath = "";
			projectRoot = "";
			targets = (
				C2DD386226CB3EE100216ED4 /* FacebookClone */,
			);
		};
/* End PBXProject section */

/* Begin PBXResourcesBuildPhase section */
		C2DD386126CB3EE100216ED4 /* Resources */ = {
			isa = PBXResourcesBuildPhase;
			buildActionMask = 2147483647;
			files = (
				C25940F826D0EB76005984E6 /* jordan1s.csv in Resources */,
				C259412426D21186005984E6 /* jordan1.csv in Resources */,
				C259412A26D21186005984E6 /* jordan12.csv in Resources */,
				C259412526D21186005984E6 /* jordan22.csv in Resources */,
				C259412926D21186005984E6 /* jordan23.csv in Resources */,
				C259412126D21186005984E6 /* jordan4.csv in Resources */,
				C259412326D21186005984E6 /* jordan20.csv in Resources */,
				C259412D26D21186005984E6 /* jordan6.csv in Resources */,
				C25940FC26D0EB76005984E6 /* jordan10s.csv in Resources */,
				C25940FF26D0EB76005984E6 /* jordan5s.csv in Resources */,
				C25940FE26D0EB76005984E6 /* jordan9s.csv in Resources */,
				C259413526D22C3B005984E6 /* jordan16.csv in Resources */,
				C259413326D21186005984E6 /* jordan21.csv in Resources */,
				C259412026D21186005984E6 /* jordan7.csv in Resources */,
				C25940FD26D0EB76005984E6 /* jordan8s.csv in Resources */,
				C259410026D0EB76005984E6 /* jordan2s.csv in Resources */,
				C259411F26D21186005984E6 /* jordan11.csv in Resources */,
				C259412826D21186005984E6 /* jordan13.csv in Resources */,
				C2DD387326CB3EE300216ED4 /* LaunchScreen.storyboard in Resources */,
				C25940FA26D0EB76005984E6 /* jordan7s.csv in Resources */,
				C25940F926D0EB76005984E6 /* jordan6s.csv in Resources */,
				C259413026D21186005984E6 /* jordan2.csv in Resources */,
				C259413126D21186005984E6 /* jordan9.csv in Resources */,
				C2DD387026CB3EE300216ED4 /* Preview Assets.xcassets in Resources */,
				C259412C26D21186005984E6 /* jordan14.csv in Resources */,
				C259412726D21186005984E6 /* jordan5.csv in Resources */,
				C259412F26D21186005984E6 /* jordan3.csv in Resources */,
				C259412626D21186005984E6 /* jordan19.csv in Resources */,
				C259412B26D21186005984E6 /* jordan18.csv in Resources */,
				C259411E26D21186005984E6 /* jordan8.csv in Resources */,
				C25940FB26D0EB76005984E6 /* jordan4s.csv in Resources */,
				C2DD386D26CB3EE300216ED4 /* Assets.xcassets in Resources */,
				C259411D26D21186005984E6 /* jordan15.csv in Resources */,
				C259413226D21186005984E6 /* jordan17.csv in Resources */,
				C259410126D0EB76005984E6 /* jordan3s.csv in Resources */,
				C259412E26D21186005984E6 /* jordan10.csv in Resources */,
			);
			runOnlyForDeploymentPostprocessing = 0;
		};
/* End PBXResourcesBuildPhase section */

/* Begin PBXSourcesBuildPhase section */
		C2DD385F26CB3EE100216ED4 /* Sources */ = {
			isa = PBXSourcesBuildPhase;
			buildActionMask = 2147483647;
			files = (
				C2AE00CB26CC970400BF56C4 /* PostImageCollectionView.swift in Sources */,
				C2DD387B26CB3F3800216ED4 /* HomeViewController.swift in Sources */,
				C2DD386726CB3EE100216ED4 /* AppDelegate.swift in Sources */,
				C25940E926D0B937005984E6 /* StoryCollectionView.swift in Sources */,
				C259413726D22DD9005984E6 /* StoryCollectionViewCell.swift in Sources */,
				C2DD386926CB3EE100216ED4 /* SceneDelegate.swift in Sources */,
				C2AE00CE26CC9A5700BF56C4 /* PostHeaderStackView.swift in Sources */,
				C2AE00C926CC947C00BF56C4 /* PostCollectionView.swift in Sources */,
				C2AE00C326CC8FB700BF56C4 /* PostCollectionViewCell.swift in Sources */,
				C2AE00C726CC942100BF56C4 /* PostImageCollectionViewCell.swift in Sources */,
				C259410426D0F8A5005984E6 /* Extensions.swift in Sources */,
				C25940EC26D0C54C005984E6 /* Post.swift in Sources */,
				C259413A26D25A35005984E6 /* FavoritesTableView.swift in Sources */,
			);
			runOnlyForDeploymentPostprocessing = 0;
		};
/* End PBXSourcesBuildPhase section */

/* Begin PBXVariantGroup section */
		C2DD387126CB3EE300216ED4 /* LaunchScreen.storyboard */ = {
			isa = PBXVariantGroup;
			children = (
				C2DD387226CB3EE300216ED4 /* Base */,
			);
			name = LaunchScreen.storyboard;
			sourceTree = "<group>";
		};
/* End PBXVariantGroup section */

/* Begin XCBuildConfiguration section */
		C2DD387526CB3EE300216ED4 /* Debug */ = {
			isa = XCBuildConfiguration;
			buildSettings = {
				ALWAYS_SEARCH_USER_PATHS = NO;
				CLANG_ANALYZER_NONNULL = YES;
				CLANG_ANALYZER_NUMBER_OBJECT_CONVERSION = YES_AGGRESSIVE;
				CLANG_CXX_LANGUAGE_STANDARD = "gnu++14";
				CLANG_CXX_LIBRARY = "libc++";
				CLANG_ENABLE_MODULES = YES;
				CLANG_ENABLE_OBJC_ARC = YES;
				CLANG_ENABLE_OBJC_WEAK = YES;
				CLANG_WARN_BLOCK_CAPTURE_AUTORELEASING = YES;
				CLANG_WARN_BOOL_CONVERSION = YES;
				CLANG_WARN_COMMA = YES;
				CLANG_WARN_CONSTANT_CONVERSION = YES;
				CLANG_WARN_DEPRECATED_OBJC_IMPLEMENTATIONS = YES;
				CLANG_WARN_DIRECT_OBJC_ISA_USAGE = YES_ERROR;
				CLANG_WARN_DOCUMENTATION_COMMENTS = YES;
				CLANG_WARN_EMPTY_BODY = YES;
				CLANG_WARN_ENUM_CONVERSION = YES;
				CLANG_WARN_INFINITE_RECURSION = YES;
				CLANG_WARN_INT_CONVERSION = YES;
				CLANG_WARN_NON_LITERAL_NULL_CONVERSION = YES;
				CLANG_WARN_OBJC_IMPLICIT_RETAIN_SELF = YES;
				CLANG_WARN_OBJC_LITERAL_CONVERSION = YES;
				CLANG_WARN_OBJC_ROOT_CLASS = YES_ERROR;
				CLANG_WARN_QUOTED_INCLUDE_IN_FRAMEWORK_HEADER = YES;
				CLANG_WARN_RANGE_LOOP_ANALYSIS = YES;
				CLANG_WARN_STRICT_PROTOTYPES = YES;
				CLANG_WARN_SUSPICIOUS_MOVE = YES;
				CLANG_WARN_UNGUARDED_AVAILABILITY = YES_AGGRESSIVE;
				CLANG_WARN_UNREACHABLE_CODE = YES;
				CLANG_WARN__DUPLICATE_METHOD_MATCH = YES;
				COPY_PHASE_STRIP = NO;
				DEBUG_INFORMATION_FORMAT = dwarf;
				ENABLE_STRICT_OBJC_MSGSEND = YES;
				ENABLE_TESTABILITY = YES;
				GCC_C_LANGUAGE_STANDARD = gnu11;
				GCC_DYNAMIC_NO_PIC = NO;
				GCC_NO_COMMON_BLOCKS = YES;
				GCC_OPTIMIZATION_LEVEL = 0;
				GCC_PREPROCESSOR_DEFINITIONS = (
					"DEBUG=1",
					"$(inherited)",
				);
				GCC_WARN_64_TO_32_BIT_CONVERSION = YES;
				GCC_WARN_ABOUT_RETURN_TYPE = YES_ERROR;
				GCC_WARN_UNDECLARED_SELECTOR = YES;
				GCC_WARN_UNINITIALIZED_AUTOS = YES_AGGRESSIVE;
				GCC_WARN_UNUSED_FUNCTION = YES;
				GCC_WARN_UNUSED_VARIABLE = YES;
				IPHONEOS_DEPLOYMENT_TARGET = 14.5;
				MTL_ENABLE_DEBUG_INFO = INCLUDE_SOURCE;
				MTL_FAST_MATH = YES;
				ONLY_ACTIVE_ARCH = YES;
				SDKROOT = iphoneos;
				SWIFT_ACTIVE_COMPILATION_CONDITIONS = DEBUG;
				SWIFT_OPTIMIZATION_LEVEL = "-Onone";
			};
			name = Debug;
		};
		C2DD387626CB3EE300216ED4 /* Release */ = {
			isa = XCBuildConfiguration;
			buildSettings = {
				ALWAYS_SEARCH_USER_PATHS = NO;
				CLANG_ANALYZER_NONNULL = YES;
				CLANG_ANALYZER_NUMBER_OBJECT_CONVERSION = YES_AGGRESSIVE;
				CLANG_CXX_LANGUAGE_STANDARD = "gnu++14";
				CLANG_CXX_LIBRARY = "libc++";
				CLANG_ENABLE_MODULES = YES;
				CLANG_ENABLE_OBJC_ARC = YES;
				CLANG_ENABLE_OBJC_WEAK = YES;
				CLANG_WARN_BLOCK_CAPTURE_AUTORELEASING = YES;
				CLANG_WARN_BOOL_CONVERSION = YES;
				CLANG_WARN_COMMA = YES;
				CLANG_WARN_CONSTANT_CONVERSION = YES;
				CLANG_WARN_DEPRECATED_OBJC_IMPLEMENTATIONS = YES;
				CLANG_WARN_DIRECT_OBJC_ISA_USAGE = YES_ERROR;
				CLANG_WARN_DOCUMENTATION_COMMENTS = YES;
				CLANG_WARN_EMPTY_BODY = YES;
				CLANG_WARN_ENUM_CONVERSION = YES;
				CLANG_WARN_INFINITE_RECURSION = YES;
				CLANG_WARN_INT_CONVERSION = YES;
				CLANG_WARN_NON_LITERAL_NULL_CONVERSION = YES;
				CLANG_WARN_OBJC_IMPLICIT_RETAIN_SELF = YES;
				CLANG_WARN_OBJC_LITERAL_CONVERSION = YES;
				CLANG_WARN_OBJC_ROOT_CLASS = YES_ERROR;
				CLANG_WARN_QUOTED_INCLUDE_IN_FRAMEWORK_HEADER = YES;
				CLANG_WARN_RANGE_LOOP_ANALYSIS = YES;
				CLANG_WARN_STRICT_PROTOTYPES = YES;
				CLANG_WARN_SUSPICIOUS_MOVE = YES;
				CLANG_WARN_UNGUARDED_AVAILABILITY = YES_AGGRESSIVE;
				CLANG_WARN_UNREACHABLE_CODE = YES;
				CLANG_WARN__DUPLICATE_METHOD_MATCH = YES;
				COPY_PHASE_STRIP = NO;
				DEBUG_INFORMATION_FORMAT = "dwarf-with-dsym";
				ENABLE_NS_ASSERTIONS = NO;
				ENABLE_STRICT_OBJC_MSGSEND = YES;
				GCC_C_LANGUAGE_STANDARD = gnu11;
				GCC_NO_COMMON_BLOCKS = YES;
				GCC_WARN_64_TO_32_BIT_CONVERSION = YES;
				GCC_WARN_ABOUT_RETURN_TYPE = YES_ERROR;
				GCC_WARN_UNDECLARED_SELECTOR = YES;
				GCC_WARN_UNINITIALIZED_AUTOS = YES_AGGRESSIVE;
				GCC_WARN_UNUSED_FUNCTION = YES;
				GCC_WARN_UNUSED_VARIABLE = YES;
				IPHONEOS_DEPLOYMENT_TARGET = 14.5;
				MTL_ENABLE_DEBUG_INFO = NO;
				MTL_FAST_MATH = YES;
				SDKROOT = iphoneos;
				SWIFT_COMPILATION_MODE = wholemodule;
				SWIFT_OPTIMIZATION_LEVEL = "-O";
				VALIDATE_PRODUCT = YES;
			};
			name = Release;
		};
		C2DD387826CB3EE300216ED4 /* Debug */ = {
			isa = XCBuildConfiguration;
			buildSettings = {
				ASSETCATALOG_COMPILER_APPICON_NAME = AppIcon;
				ASSETCATALOG_COMPILER_GLOBAL_ACCENT_COLOR_NAME = AccentColor;
				CODE_SIGN_STYLE = Automatic;
				DEVELOPMENT_ASSET_PATHS = "\"FacebookClone/Preview Content\"";
				ENABLE_PREVIEWS = YES;
				INFOPLIST_FILE = FacebookClone/Info.plist;
				LD_RUNPATH_SEARCH_PATHS = (
					"$(inherited)",
					"@executable_path/Frameworks",
				);
				PRODUCT_BUNDLE_IDENTIFIER = bbudron.FacebookClone;
				PRODUCT_NAME = "$(TARGET_NAME)";
				SWIFT_VERSION = 5.0;
				TARGETED_DEVICE_FAMILY = "1,2";
			};
			name = Debug;
		};
		C2DD387926CB3EE300216ED4 /* Release */ = {
			isa = XCBuildConfiguration;
			buildSettings = {
				ASSETCATALOG_COMPILER_APPICON_NAME = AppIcon;
				ASSETCATALOG_COMPILER_GLOBAL_ACCENT_COLOR_NAME = AccentColor;
				CODE_SIGN_STYLE = Automatic;
				DEVELOPMENT_ASSET_PATHS = "\"FacebookClone/Preview Content\"";
				ENABLE_PREVIEWS = YES;
				INFOPLIST_FILE = FacebookClone/Info.plist;
				LD_RUNPATH_SEARCH_PATHS = (
					"$(inherited)",
					"@executable_path/Frameworks",
				);
				PRODUCT_BUNDLE_IDENTIFIER = bbudron.FacebookClone;
				PRODUCT_NAME = "$(TARGET_NAME)";
				SWIFT_VERSION = 5.0;
				TARGETED_DEVICE_FAMILY = "1,2";
			};
			name = Release;
		};
/* End XCBuildConfiguration section */

/* Begin XCConfigurationList section */
		C2DD385E26CB3EE100216ED4 /* Build configuration list for PBXProject "FacebookClone" */ = {
			isa = XCConfigurationList;
			buildConfigurations = (
				C2DD387526CB3EE300216ED4 /* Debug */,
				C2DD387626CB3EE300216ED4 /* Release */,
			);
			defaultConfigurationIsVisible = 0;
			defaultConfigurationName = Release;
		};
		C2DD387726CB3EE300216ED4 /* Build configuration list for PBXNativeTarget "FacebookClone" */ = {
			isa = XCConfigurationList;
			buildConfigurations = (
				C2DD387826CB3EE300216ED4 /* Debug */,
				C2DD387926CB3EE300216ED4 /* Release */,
			);
			defaultConfigurationIsVisible = 0;
			defaultConfigurationName = Release;
		};
/* End XCConfigurationList section */
	};
	rootObject = C2DD385B26CB3EE100216ED4 /* Project object */;
}
